
Microsoft Visual Studio Solution File, Format Version 12.00
# Visual Studio Version 17
VisualStudioVersion = 17.0.32014.148
MinimumVisualStudioVersion = 10.0.40219.1
Project("{FAE04EC0-301F-11D3-BF4B-00C04F79EFBC}") = "WpfApp4", "WpfApp4\WpfApp4.csproj", "{4D292D96-822B-4F64-B63E-94A3D79DEFE5}"
EndProject
Global
	GlobalSection(SolutionConfigurationPlatforms) = preSolution
		Debug|Any CPU = Debug|Any CPU
		Release|Any CPU = Release|Any CPU
	EndGlobalSection
	GlobalSection(ProjectConfigurationPlatforms) = postSolution
		{4D292D96-822B-4F64-B63E-94A3D79DEFE5}.Debug|Any CPU.ActiveCfg = Debug|Any CPU
		{4D292D96-822B-4F64-B63E-94A3D79DEFE5}.Debug|Any CPU.Build.0 = Debug|Any CPU
		{4D292D96-822B-4F64-B63E-94A3D79DEFE5}.Release|Any CPU.ActiveCfg = Release|Any CPU
		{4D292D96-822B-4F64-B63E-94A3D79DEFE5}.Release|Any CPU.Build.0 = Release|Any CPU
	EndGlobalSection
	GlobalSection(SolutionProperties) = preSolution
		HideSolutionNode = FALSE
	EndGlobalSection
	GlobalSection(ExtensibilityGlobals) = postSolution
		SolutionGuid = {22FB1886-3DD4-406D-A032-2527C0C7C809}
	EndGlobalSection
EndGlobal
